
Microsoft Visual Studio Solution File, Format Version 12.00
# Visual Studio Version 17
VisualStudioVersion = 17.5.002.0
MinimumVisualStudioVersion = 10.0.40219.1
Project("{9A19103F-16F7-4668-BE54-9A1E7A4F7556}") = "Calculadora.Console", "Calculadora.Console\Calculadora.Console.csproj", "{7383E81B-0862-4F6F-95F2-C2D7E5A7D2F9}"
EndProject
Project("{9A19103F-16F7-4668-BE54-9A1E7A4F7556}") = "Calculadora.Teste", "Calculadora.Teste\Calculadora.Teste.csproj", "{8BBF9DDA-389C-403A-B25C-2BF68761DD66}"
EndProject
Global
	GlobalSection(SolutionConfigurationPlatforms) = preSolution
		Debug|Any CPU = Debug|Any CPU
		Release|Any CPU = Release|Any CPU
	EndGlobalSection
	GlobalSection(ProjectConfigurationPlatforms) = postSolution
		{7383E81B-0862-4F6F-95F2-C2D7E5A7D2F9}.Debug|Any CPU.ActiveCfg = Debug|Any CPU
		{7383E81B-0862-4F6F-95F2-C2D7E5A7D2F9}.Debug|Any CPU.Build.0 = Debug|Any CPU
		{7383E81B-0862-4F6F-95F2-C2D7E5A7D2F9}.Release|Any CPU.ActiveCfg = Release|Any CPU
		{7383E81B-0862-4F6F-95F2-C2D7E5A7D2F9}.Release|Any CPU.Build.0 = Release|Any CPU
		{8BBF9DDA-389C-403A-B25C-2BF68761DD66}.Debug|Any CPU.ActiveCfg = Debug|Any CPU
		{8BBF9DDA-389C-403A-B25C-2BF68761DD66}.Debug|Any CPU.Build.0 = Debug|Any CPU
		{8BBF9DDA-389C-403A-B25C-2BF68761DD66}.Release|Any CPU.ActiveCfg = Release|Any CPU
		{8BBF9DDA-389C-403A-B25C-2BF68761DD66}.Release|Any CPU.Build.0 = Release|Any CPU
	EndGlobalSection
	GlobalSection(SolutionProperties) = preSolution
		HideSolutionNode = FALSE
	EndGlobalSection
	GlobalSection(ExtensibilityGlobals) = postSolution
		SolutionGuid = {072E6AA1-0B5F-447E-AC06-92F502515A13}
	EndGlobalSection
EndGlobal
